// !$*UTF8*$!
{
	archiveVersion = 1;
	classes = {
	};
	objectVersion = 52;
	objects = {

/* Begin PBXBuildFile section */
		C56BBD0F2B1F70BF00CDABC4 /* AppDelegate.swift in Sources */ = {isa = PBXBuildFile; fileRef = C56BBD0E2B1F70BF00CDABC4 /* AppDelegate.swift */; };
		C56BBD112B1F70BF00CDABC4 /* SceneDelegate.swift in Sources */ = {isa = PBXBuildFile; fileRef = C56BBD102B1F70BF00CDABC4 /* SceneDelegate.swift */; };
		C56BBD132B1F70BF00CDABC4 /* ViewController.swift in Sources */ = {isa = PBXBuildFile; fileRef = C56BBD122B1F70BF00CDABC4 /* ViewController.swift */; };
		C56BBD162B1F70BF00CDABC4 /* Main.storyboard in Resources */ = {isa = PBXBuildFile; fileRef = C56BBD142B1F70BF00CDABC4 /* Main.storyboard */; };
		C56BBD182B1F70C300CDABC4 /* Assets.xcassets in Resources */ = {isa = PBXBuildFile; fileRef = C56BBD172B1F70C300CDABC4 /* Assets.xcassets */; };
		C56BBD1B2B1F70C300CDABC4 /* LaunchScreen.storyboard in Resources */ = {isa = PBXBuildFile; fileRef = C56BBD192B1F70C300CDABC4 /* LaunchScreen.storyboard */; };
		C56BBD242B1F70DD00CDABC4 /* LogoraSDK in Frameworks */ = {isa = PBXBuildFile; productRef = C56BBD232B1F70DD00CDABC4 /* LogoraSDK */; };
		C56D74322B30577D003CEAE5 /* Localizable.strings in Resources */ = {isa = PBXBuildFile; fileRef = C56D74312B30577D003CEAE5 /* Localizable.strings */; };
/* End PBXBuildFile section */

/* Begin PBXFileReference section */
		C56BBD0B2B1F70BF00CDABC4 /* LogoraiOSTestApp.app */ = {isa = PBXFileReference; explicitFileType = wrapper.application; includeInIndex = 0; path = LogoraiOSTestApp.app; sourceTree = BUILT_PRODUCTS_DIR; };
		C56BBD0E2B1F70BF00CDABC4 /* AppDelegate.swift */ = {isa = PBXFileReference; lastKnownFileType = sourcecode.swift; path = AppDelegate.swift; sourceTree = "<group>"; };
		C56BBD102B1F70BF00CDABC4 /* SceneDelegate.swift */ = {isa = PBXFileReference; lastKnownFileType = sourcecode.swift; path = SceneDelegate.swift; sourceTree = "<group>"; };
		C56BBD122B1F70BF00CDABC4 /* ViewController.swift */ = {isa = PBXFileReference; lastKnownFileType = sourcecode.swift; path = ViewController.swift; sourceTree = "<group>"; };
		C56BBD152B1F70BF00CDABC4 /* Base */ = {isa = PBXFileReference; lastKnownFileType = file.storyboard; name = Base; path = Base.lproj/Main.storyboard; sourceTree = "<group>"; };
		C56BBD172B1F70C300CDABC4 /* Assets.xcassets */ = {isa = PBXFileReference; lastKnownFileType = folder.assetcatalog; path = Assets.xcassets; sourceTree = "<group>"; };
		C56BBD1A2B1F70C300CDABC4 /* Base */ = {isa = PBXFileReference; lastKnownFileType = file.storyboard; name = Base; path = Base.lproj/LaunchScreen.storyboard; sourceTree = "<group>"; };
		C56BBD1C2B1F70C300CDABC4 /* Info.plist */ = {isa = PBXFileReference; lastKnownFileType = text.plist.xml; path = Info.plist; sourceTree = "<group>"; };
		C56D74312B30577D003CEAE5 /* Localizable.strings */ = {isa = PBXFileReference; fileEncoding = 4; lastKnownFileType = text.plist.strings; name = Localizable.strings; path = ../../LogoraiOSSDK/Sources/LogoraSDK/Localization/Localizable.strings; sourceTree = "<group>"; };
/* End PBXFileReference section */

/* Begin PBXFrameworksBuildPhase section */
		C56BBD082B1F70BE00CDABC4 /* Frameworks */ = {
			isa = PBXFrameworksBuildPhase;
			buildActionMask = 2147483647;
			files = (
				C56BBD242B1F70DD00CDABC4 /* LogoraSDK in Frameworks */,
			);
			runOnlyForDeploymentPostprocessing = 0;
		};
/* End PBXFrameworksBuildPhase section */

/* Begin PBXGroup section */
		C56BBD022B1F70BE00CDABC4 = {
			isa = PBXGroup;
			children = (
				C56BBD0D2B1F70BF00CDABC4 /* LogoraiOSTestApp */,
				C56BBD0C2B1F70BF00CDABC4 /* Products */,
				C56BBD222B1F70DD00CDABC4 /* Frameworks */,
			);
			sourceTree = "<group>";
		};
		C56BBD0C2B1F70BF00CDABC4 /* Products */ = {
			isa = PBXGroup;
			children = (
				C56BBD0B2B1F70BF00CDABC4 /* LogoraiOSTestApp.app */,
			);
			name = Products;
			sourceTree = "<group>";
		};
		C56BBD0D2B1F70BF00CDABC4 /* LogoraiOSTestApp */ = {
			isa = PBXGroup;
			children = (
				C56D74312B30577D003CEAE5 /* Localizable.strings */,
				C56BBD0E2B1F70BF00CDABC4 /* AppDelegate.swift */,
				C56BBD102B1F70BF00CDABC4 /* SceneDelegate.swift */,
				C56BBD122B1F70BF00CDABC4 /* ViewController.swift */,
				C56BBD142B1F70BF00CDABC4 /* Main.storyboard */,
				C56BBD172B1F70C300CDABC4 /* Assets.xcassets */,
				C56BBD192B1F70C300CDABC4 /* LaunchScreen.storyboard */,
				C56BBD1C2B1F70C300CDABC4 /* Info.plist */,
			);
			path = LogoraiOSTestApp;
			sourceTree = "<group>";
		};
		C56BBD222B1F70DD00CDABC4 /* Frameworks */ = {
			isa = PBXGroup;
			children = (
			);
			name = Frameworks;
			sourceTree = "<group>";
		};
/* End PBXGroup section */

/* Begin PBXNativeTarget section */
		C56BBD0A2B1F70BE00CDABC4 /* LogoraiOSTestApp */ = {
			isa = PBXNativeTarget;
			buildConfigurationList = C56BBD1F2B1F70C300CDABC4 /* Build configuration list for PBXNativeTarget "LogoraiOSTestApp" */;
			buildPhases = (
				C56BBD072B1F70BE00CDABC4 /* Sources */,
				C56BBD082B1F70BE00CDABC4 /* Frameworks */,
				C56BBD092B1F70BE00CDABC4 /* Resources */,
			);
			buildRules = (
			);
			dependencies = (
			);
			name = LogoraiOSTestApp;
			packageProductDependencies = (
				C56BBD232B1F70DD00CDABC4 /* LogoraSDK */,
			);
			productName = LogoraiOSTestApp;
			productReference = C56BBD0B2B1F70BF00CDABC4 /* LogoraiOSTestApp.app */;
			productType = "com.apple.product-type.application";
		};
/* End PBXNativeTarget section */

/* Begin PBXProject section */
		C56BBD032B1F70BE00CDABC4 /* Project object */ = {
			isa = PBXProject;
			attributes = {
				LastSwiftUpdateCheck = 1250;
				LastUpgradeCheck = 1250;
				TargetAttributes = {
					C56BBD0A2B1F70BE00CDABC4 = {
						CreatedOnToolsVersion = 12.5.1;
					};
				};
			};
			buildConfigurationList = C56BBD062B1F70BE00CDABC4 /* Build configuration list for PBXProject "LogoraiOSTestApp" */;
			compatibilityVersion = "Xcode 9.3";
			developmentRegion = en;
			hasScannedForEncodings = 0;
			knownRegions = (
				en,
				Base,
			);
			mainGroup = C56BBD022B1F70BE00CDABC4;
			productRefGroup = C56BBD0C2B1F70BF00CDABC4 /* Products */;
			projectDirPath = "";
			projectRoot = "";
			targets = (
				C56BBD0A2B1F70BE00CDABC4 /* LogoraiOSTestApp */,
			);
		};
/* End PBXProject section */

/* Begin PBXResourcesBuildPhase section */
		C56BBD092B1F70BE00CDABC4 /* Resources */ = {
			isa = PBXResourcesBuildPhase;
			buildActionMask = 2147483647;
			files = (
				C56BBD1B2B1F70C300CDABC4 /* LaunchScreen.storyboard in Resources */,
				C56D74322B30577D003CEAE5 /* Localizable.strings in Resources */,
				C56BBD182B1F70C300CDABC4 /* Assets.xcassets in Resources */,
				C56BBD162B1F70BF00CDABC4 /* Main.storyboard in Resources */,
			);
			runOnlyForDeploymentPostprocessing = 0;
		};
/* End PBXResourcesBuildPhase section */

/* Begin PBXSourcesBuildPhase section */
		C56BBD072B1F70BE00CDABC4 /* Sources */ = {
			isa = PBXSourcesBuildPhase;
			buildActionMask = 2147483647;
			files = (
				C56BBD132B1F70BF00CDABC4 /* ViewController.swift in Sources */,
				C56BBD0F2B1F70BF00CDABC4 /* AppDelegate.swift in Sources */,
				C56BBD112B1F70BF00CDABC4 /* SceneDelegate.swift in Sources */,
			);
			runOnlyForDeploymentPostprocessing = 0;
		};
/* End PBXSourcesBuildPhase section */

/* Begin PBXVariantGroup section */
		C56BBD142B1F70BF00CDABC4 /* Main.storyboard */ = {
			isa = PBXVariantGroup;
			children = (
				C56BBD152B1F70BF00CDABC4 /* Base */,
			);
			name = Main.storyboard;
			sourceTree = "<group>";
		};
		C56BBD192B1F70C300CDABC4 /* LaunchScreen.storyboard */ = {
			isa = PBXVariantGroup;
			children = (
				C56BBD1A2B1F70C300CDABC4 /* Base */,
			);
			name = LaunchScreen.storyboard;
			sourceTree = "<group>";
		};
/* End PBXVariantGroup section */

/* Begin XCBuildConfiguration section */
		C56BBD1D2B1F70C300CDABC4 /* Debug */ = {
			isa = XCBuildConfiguration;
			buildSettings = {
				ALWAYS_SEARCH_USER_PATHS = NO;
				CLANG_ANALYZER_NONNULL = YES;
				CLANG_ANALYZER_NUMBER_OBJECT_CONVERSION = YES_AGGRESSIVE;
				CLANG_CXX_LANGUAGE_STANDARD = "gnu++14";
				CLANG_CXX_LIBRARY = "libc++";
				CLANG_ENABLE_MODULES = YES;
				CLANG_ENABLE_OBJC_ARC = YES;
				CLANG_ENABLE_OBJC_WEAK = YES;
				CLANG_WARN_BLOCK_CAPTURE_AUTORELEASING = YES;
				CLANG_WARN_BOOL_CONVERSION = YES;
				CLANG_WARN_COMMA = YES;
				CLANG_WARN_CONSTANT_CONVERSION = YES;
				CLANG_WARN_DEPRECATED_OBJC_IMPLEMENTATIONS = YES;
				CLANG_WARN_DIRECT_OBJC_ISA_USAGE = YES_ERROR;
				CLANG_WARN_DOCUMENTATION_COMMENTS = YES;
				CLANG_WARN_EMPTY_BODY = YES;
				CLANG_WARN_ENUM_CONVERSION = YES;
				CLANG_WARN_INFINITE_RECURSION = YES;
				CLANG_WARN_INT_CONVERSION = YES;
				CLANG_WARN_NON_LITERAL_NULL_CONVERSION = YES;
				CLANG_WARN_OBJC_IMPLICIT_RETAIN_SELF = YES;
				CLANG_WARN_OBJC_LITERAL_CONVERSION = YES;
				CLANG_WARN_OBJC_ROOT_CLASS = YES_ERROR;
				CLANG_WARN_QUOTED_INCLUDE_IN_FRAMEWORK_HEADER = YES;
				CLANG_WARN_RANGE_LOOP_ANALYSIS = YES;
				CLANG_WARN_STRICT_PROTOTYPES = YES;
				CLANG_WARN_SUSPICIOUS_MOVE = YES;
				CLANG_WARN_UNGUARDED_AVAILABILITY = YES_AGGRESSIVE;
				CLANG_WARN_UNREACHABLE_CODE = YES;
				CLANG_WARN__DUPLICATE_METHOD_MATCH = YES;
				COPY_PHASE_STRIP = NO;
				DEBUG_INFORMATION_FORMAT = dwarf;
				ENABLE_STRICT_OBJC_MSGSEND = YES;
				ENABLE_TESTABILITY = YES;
				GCC_C_LANGUAGE_STANDARD = gnu11;
				GCC_DYNAMIC_NO_PIC = NO;
				GCC_NO_COMMON_BLOCKS = YES;
				GCC_OPTIMIZATION_LEVEL = 0;
				GCC_PREPROCESSOR_DEFINITIONS = (
					"DEBUG=1",
					"$(inherited)",
				);
				GCC_WARN_64_TO_32_BIT_CONVERSION = YES;
				GCC_WARN_ABOUT_RETURN_TYPE = YES_ERROR;
				GCC_WARN_UNDECLARED_SELECTOR = YES;
				GCC_WARN_UNINITIALIZED_AUTOS = YES_AGGRESSIVE;
				GCC_WARN_UNUSED_FUNCTION = YES;
				GCC_WARN_UNUSED_VARIABLE = YES;
				IPHONEOS_DEPLOYMENT_TARGET = 14.5;
				MTL_ENABLE_DEBUG_INFO = INCLUDE_SOURCE;
				MTL_FAST_MATH = YES;
				ONLY_ACTIVE_ARCH = YES;
				SDKROOT = iphoneos;
				SWIFT_ACTIVE_COMPILATION_CONDITIONS = DEBUG;
				SWIFT_OPTIMIZATION_LEVEL = "-Onone";
			};
			name = Debug;
		};
		C56BBD1E2B1F70C300CDABC4 /* Release */ = {
			isa = XCBuildConfiguration;
			buildSettings = {
				ALWAYS_SEARCH_USER_PATHS = NO;
				CLANG_ANALYZER_NONNULL = YES;
				CLANG_ANALYZER_NUMBER_OBJECT_CONVERSION = YES_AGGRESSIVE;
				CLANG_CXX_LANGUAGE_STANDARD = "gnu++14";
				CLANG_CXX_LIBRARY = "libc++";
				CLANG_ENABLE_MODULES = YES;
				CLANG_ENABLE_OBJC_ARC = YES;
				CLANG_ENABLE_OBJC_WEAK = YES;
				CLANG_WARN_BLOCK_CAPTURE_AUTORELEASING = YES;
				CLANG_WARN_BOOL_CONVERSION = YES;
				CLANG_WARN_COMMA = YES;
				CLANG_WARN_CONSTANT_CONVERSION = YES;
				CLANG_WARN_DEPRECATED_OBJC_IMPLEMENTATIONS = YES;
				CLANG_WARN_DIRECT_OBJC_ISA_USAGE = YES_ERROR;
				CLANG_WARN_DOCUMENTATION_COMMENTS = YES;
				CLANG_WARN_EMPTY_BODY = YES;
				CLANG_WARN_ENUM_CONVERSION = YES;
				CLANG_WARN_INFINITE_RECURSION = YES;
				CLANG_WARN_INT_CONVERSION = YES;
				CLANG_WARN_NON_LITERAL_NULL_CONVERSION = YES;
				CLANG_WARN_OBJC_IMPLICIT_RETAIN_SELF = YES;
				CLANG_WARN_OBJC_LITERAL_CONVERSION = YES;
				CLANG_WARN_OBJC_ROOT_CLASS = YES_ERROR;
				CLANG_WARN_QUOTED_INCLUDE_IN_FRAMEWORK_HEADER = YES;
				CLANG_WARN_RANGE_LOOP_ANALYSIS = YES;
				CLANG_WARN_STRICT_PROTOTYPES = YES;
				CLANG_WARN_SUSPICIOUS_MOVE = YES;
				CLANG_WARN_UNGUARDED_AVAILABILITY = YES_AGGRESSIVE;
				CLANG_WARN_UNREACHABLE_CODE = YES;
				CLANG_WARN__DUPLICATE_METHOD_MATCH = YES;
				COPY_PHASE_STRIP = NO;
				DEBUG_INFORMATION_FORMAT = "dwarf-with-dsym";
				ENABLE_NS_ASSERTIONS = NO;
				ENABLE_STRICT_OBJC_MSGSEND = YES;
				GCC_C_LANGUAGE_STANDARD = gnu11;
				GCC_NO_COMMON_BLOCKS = YES;
				GCC_WARN_64_TO_32_BIT_CONVERSION = YES;
				GCC_WARN_ABOUT_RETURN_TYPE = YES_ERROR;
				GCC_WARN_UNDECLARED_SELECTOR = YES;
				GCC_WARN_UNINITIALIZED_AUTOS = YES_AGGRESSIVE;
				GCC_WARN_UNUSED_FUNCTION = YES;
				GCC_WARN_UNUSED_VARIABLE = YES;
				IPHONEOS_DEPLOYMENT_TARGET = 14.5;
				MTL_ENABLE_DEBUG_INFO = NO;
				MTL_FAST_MATH = YES;
				SDKROOT = iphoneos;
				SWIFT_COMPILATION_MODE = wholemodule;
				SWIFT_OPTIMIZATION_LEVEL = "-O";
				VALIDATE_PRODUCT = YES;
			};
			name = Release;
		};
		C56BBD202B1F70C300CDABC4 /* Debug */ = {
			isa = XCBuildConfiguration;
			buildSettings = {
				ASSETCATALOG_COMPILER_APPICON_NAME = AppIcon;
				ASSETCATALOG_COMPILER_GLOBAL_ACCENT_COLOR_NAME = AccentColor;
				CODE_SIGN_STYLE = Automatic;
				INFOPLIST_FILE = LogoraiOSTestApp/Info.plist;
				LD_RUNPATH_SEARCH_PATHS = (
					"$(inherited)",
					"@executable_path/Frameworks",
				);
				PRODUCT_BUNDLE_IDENTIFIER = Logora.LogoraiOSTestApp;
				PRODUCT_NAME = "$(TARGET_NAME)";
				SWIFT_VERSION = 5.0;
				TARGETED_DEVICE_FAMILY = "1,2";
			};
			name = Debug;
		};
		C56BBD212B1F70C300CDABC4 /* Release */ = {
			isa = XCBuildConfiguration;
			buildSettings = {
				ASSETCATALOG_COMPILER_APPICON_NAME = AppIcon;
				ASSETCATALOG_COMPILER_GLOBAL_ACCENT_COLOR_NAME = AccentColor;
				CODE_SIGN_STYLE = Automatic;
				INFOPLIST_FILE = LogoraiOSTestApp/Info.plist;
				LD_RUNPATH_SEARCH_PATHS = (
					"$(inherited)",
					"@executable_path/Frameworks",
				);
				PRODUCT_BUNDLE_IDENTIFIER = Logora.LogoraiOSTestApp;
				PRODUCT_NAME = "$(TARGET_NAME)";
				SWIFT_VERSION = 5.0;
				TARGETED_DEVICE_FAMILY = "1,2";
			};
			name = Release;
		};
/* End XCBuildConfiguration section */

/* Begin XCConfigurationList section */
		C56BBD062B1F70BE00CDABC4 /* Build configuration list for PBXProject "LogoraiOSTestApp" */ = {
			isa = XCConfigurationList;
			buildConfigurations = (
				C56BBD1D2B1F70C300CDABC4 /* Debug */,
				C56BBD1E2B1F70C300CDABC4 /* Release */,
			);
			defaultConfigurationIsVisible = 0;
			defaultConfigurationName = Release;
		};
		C56BBD1F2B1F70C300CDABC4 /* Build configuration list for PBXNativeTarget "LogoraiOSTestApp" */ = {
			isa = XCConfigurationList;
			buildConfigurations = (
				C56BBD202B1F70C300CDABC4 /* Debug */,
				C56BBD212B1F70C300CDABC4 /* Release */,
			);
			defaultConfigurationIsVisible = 0;
			defaultConfigurationName = Release;
		};
/* End XCConfigurationList section */

/* Begin XCSwiftPackageProductDependency section */
		C56BBD232B1F70DD00CDABC4 /* LogoraSDK */ = {
			isa = XCSwiftPackageProductDependency;
			productName = LogoraSDK;
		};
/* End XCSwiftPackageProductDependency section */
	};
	rootObject = C56BBD032B1F70BE00CDABC4 /* Project object */;
}
